
Microsoft Visual Studio Solution File, Format Version 12.00
# Visual Studio 15
VisualStudioVersion = 15.0.28307.645
MinimumVisualStudioVersion = 10.0.40219.1
Project("{E24C65DC-7377-472B-9ABA-BC803B73C61A}") = "KartikCarWorld", "KartikCarWorld\", "{FA670079-9B1D-4CAD-85A5-EA72E634340D}"
	ProjectSection(WebsiteProperties) = preProject
		TargetFrameworkMoniker = ".NETFramework,Version%3Dv4.6.1"
		Debug.AspNetCompiler.VirtualPath = "/localhost_4039"
		Debug.AspNetCompiler.PhysicalPath = "KartikCarWorld\"
		Debug.AspNetCompiler.TargetPath = "PrecompiledWeb\localhost_4039\"
		Debug.AspNetCompiler.Updateable = "true"
		Debug.AspNetCompiler.ForceOverwrite = "true"
		Debug.AspNetCompiler.FixedNames = "false"
		Debug.AspNetCompiler.Debug = "True"
		Release.AspNetCompiler.VirtualPath = "/localhost_4039"
		Release.AspNetCompiler.PhysicalPath = "KartikCarWorld\"
		Release.AspNetCompiler.TargetPath = "PrecompiledWeb\localhost_4039\"
		Release.AspNetCompiler.Updateable = "true"
		Release.AspNetCompiler.ForceOverwrite = "true"
		Release.AspNetCompiler.FixedNames = "false"
		Release.AspNetCompiler.Debug = "False"
		VWDPort = "4039"
		DefaultWebSiteLanguage = "Visual C#"
	EndProjectSection
EndProject
Global
	GlobalSection(SolutionConfigurationPlatforms) = preSolution
		Debug|Any CPU = Debug|Any CPU
	EndGlobalSection
	GlobalSection(ProjectConfigurationPlatforms) = postSolution
		{FA670079-9B1D-4CAD-85A5-EA72E634340D}.Debug|Any CPU.ActiveCfg = Debug|Any CPU
		{FA670079-9B1D-4CAD-85A5-EA72E634340D}.Debug|Any CPU.Build.0 = Debug|Any CPU
	EndGlobalSection
	GlobalSection(SolutionProperties) = preSolution
		HideSolutionNode = FALSE
	EndGlobalSection
	GlobalSection(ExtensibilityGlobals) = postSolution
		SolutionGuid = {F7F3FBC9-95A7-4927-8214-C0D2CF70A4D6}
	EndGlobalSection
EndGlobal
